
Microsoft Visual Studio Solution File, Format Version 12.00
# Visual Studio Version 17
VisualStudioVersion = 17.7.34024.191
MinimumVisualStudioVersion = 10.0.40219.1
Project("{FAE04EC0-301F-11D3-BF4B-00C04F79EFBC}") = "UDP_Client", "UDP_Client.csproj", "{755B057B-4B35-4484-9C4D-7E7D621ED5CD}"
EndProject
Global
	GlobalSection(SolutionConfigurationPlatforms) = preSolution
		Debug|Any CPU = Debug|Any CPU
		Release|Any CPU = Release|Any CPU
	EndGlobalSection
	GlobalSection(ProjectConfigurationPlatforms) = postSolution
		{755B057B-4B35-4484-9C4D-7E7D621ED5CD}.Debug|Any CPU.ActiveCfg = Debug|Any CPU
		{755B057B-4B35-4484-9C4D-7E7D621ED5CD}.Debug|Any CPU.Build.0 = Debug|Any CPU
		{755B057B-4B35-4484-9C4D-7E7D621ED5CD}.Release|Any CPU.ActiveCfg = Release|Any CPU
		{755B057B-4B35-4484-9C4D-7E7D621ED5CD}.Release|Any CPU.Build.0 = Release|Any CPU
	EndGlobalSection
	GlobalSection(SolutionProperties) = preSolution
		HideSolutionNode = FALSE
	EndGlobalSection
	GlobalSection(ExtensibilityGlobals) = postSolution
		SolutionGuid = {33583C0A-1A97-455D-BE91-4B5A3CCE547C}
	EndGlobalSection
EndGlobal
