
Microsoft Visual Studio Solution File, Format Version 12.00
# Visual Studio Version 17
VisualStudioVersion = 17.7.34024.191
MinimumVisualStudioVersion = 10.0.40219.1
Project("{FAE04EC0-301F-11D3-BF4B-00C04F79EFBC}") = "Udp_Client", "Udp_Client.csproj", "{476FF9C2-FAD8-4F14-BEBF-4FD4F4AD7A39}"
EndProject
Global
	GlobalSection(SolutionConfigurationPlatforms) = preSolution
		Debug|Any CPU = Debug|Any CPU
		Release|Any CPU = Release|Any CPU
	EndGlobalSection
	GlobalSection(ProjectConfigurationPlatforms) = postSolution
		{476FF9C2-FAD8-4F14-BEBF-4FD4F4AD7A39}.Debug|Any CPU.ActiveCfg = Debug|Any CPU
		{476FF9C2-FAD8-4F14-BEBF-4FD4F4AD7A39}.Debug|Any CPU.Build.0 = Debug|Any CPU
		{476FF9C2-FAD8-4F14-BEBF-4FD4F4AD7A39}.Release|Any CPU.ActiveCfg = Release|Any CPU
		{476FF9C2-FAD8-4F14-BEBF-4FD4F4AD7A39}.Release|Any CPU.Build.0 = Release|Any CPU
	EndGlobalSection
	GlobalSection(SolutionProperties) = preSolution
		HideSolutionNode = FALSE
	EndGlobalSection
	GlobalSection(ExtensibilityGlobals) = postSolution
		SolutionGuid = {512E90A1-2375-4CF7-B9D7-14F124FD24DE}
	EndGlobalSection
EndGlobal
