
Microsoft Visual Studio Solution File, Format Version 12.00
# Visual Studio Version 17
VisualStudioVersion = 17.7.34024.191
MinimumVisualStudioVersion = 10.0.40219.1
Project("{FAE04EC0-301F-11D3-BF4B-00C04F79EFBC}") = "Udp_Server", "Udp_Server.csproj", "{9056E613-31C6-43DA-AB03-A5FDB63D77D0}"
EndProject
Global
	GlobalSection(SolutionConfigurationPlatforms) = preSolution
		Debug|Any CPU = Debug|Any CPU
		Release|Any CPU = Release|Any CPU
	EndGlobalSection
	GlobalSection(ProjectConfigurationPlatforms) = postSolution
		{9056E613-31C6-43DA-AB03-A5FDB63D77D0}.Debug|Any CPU.ActiveCfg = Debug|Any CPU
		{9056E613-31C6-43DA-AB03-A5FDB63D77D0}.Debug|Any CPU.Build.0 = Debug|Any CPU
		{9056E613-31C6-43DA-AB03-A5FDB63D77D0}.Release|Any CPU.ActiveCfg = Release|Any CPU
		{9056E613-31C6-43DA-AB03-A5FDB63D77D0}.Release|Any CPU.Build.0 = Release|Any CPU
	EndGlobalSection
	GlobalSection(SolutionProperties) = preSolution
		HideSolutionNode = FALSE
	EndGlobalSection
	GlobalSection(ExtensibilityGlobals) = postSolution
		SolutionGuid = {1E055B3D-D861-4C89-9520-9DD87D19C6A1}
	EndGlobalSection
EndGlobal
